# Generated by buf. DO NOT EDIT.
version: v2
deps:
  - name: buf.build/aserto-dev/aserto
    commit: dcf473d6761e46269a8cc71a98b474e0
    digest: b5:35146e6b080542aacb1b5cfece1501a5151a9c1a02c518ae43be5b9cccaf2a4d39cb5fbd84d4d3bb3b2c2c00fec4f5599b4fa91baf00578a3fccac2cd1db5bad
  - name: buf.build/bufbuild/protovalidate
    commit: b983156c5e994cc9892e0ce3e64e17e0
    digest: b5:a02a4a5a0a9306cf1391d17e8811bbd6a0dbd0e0e29ddfc34b9d103311164974472d43627c3d63e6a8abaffd6c7a301c4f7965bbab2dc56f7f7812429a84b812
  - name: buf.build/googleapis/googleapis
    commit: 4ed3bc159a8b4ac68fe253218760d035
    digest: b5:74a7798987b123218c004cf28543a2835e432ca04a69de99cd394a29dbad24d9ed38344f0b7c97ad6476039506c4eb38c2f4a8eef9cec3da2e38e4216a22d495
  - name: buf.build/grpc-ecosystem/grpc-gateway
    commit: ca289928665845a7b2f7285d052c739a
    digest: b5:64ac6d9f363dfc69d619ee4649a7cbad7081c5ecbd35e5f6f2c982a36d9c663545e8e31a38b51b0d9813ac20e87988b89f00e9bd4fee64a9740ec34ffc5b942f
