# Generated by buf. DO NOT EDIT.
version: v1
deps:
  - remote: buf.build
    owner: aserto-dev
    repository: aserto
    commit: 853661eaef744ff99b612392f4d338a5
    digest: shake256:9b095a7dfe6c4e591d41f974e48710a4471e6f1bdde0abf6b098ff875eb45945c1035b2e359b7166067f35f3589823ce385c377dd7825e74978465f492abb070
  - remote: buf.build
    owner: bufbuild
    repository: protovalidate
    commit: e097f827e65240ac9fd4b1158849a8fc
    digest: shake256:f19252436fd9ded945631e2ffaaed28247a92c9015ccf55ae99db9fb3d9600c4fdb00fd2d3bd7701026ec2fd4715c5129e6ae517c25a59ba690020cfe80bf8ad
  - remote: buf.build
    owner: googleapis
    repository: googleapis
    commit: a86849a25cc04f4dbe9b15ddddfbc488
    digest: shake256:e19143328f8cbfe13fc226aeee5e63773ca494693a72740a7560664270039a380d94a1344234b88c7691311460df9a9b1c2982190d0a2612eae80368718e1943
  - remote: buf.build
    owner: grpc-ecosystem
    repository: grpc-gateway
    commit: 3f42134f4c564983838425bc43c7a65f
    digest: shake256:3d11d4c0fe5e05fda0131afefbce233940e27f0c31c5d4e385686aea58ccd30f72053f61af432fa83f1fc11cda57f5f18ca3da26a29064f73c5a0d076bba8d92
