# Generated by buf. DO NOT EDIT.
version: v1
deps:
  - remote: buf.build
    owner: aserto-dev
    repository: aserto
    commit: 946da224ea81449493723a3a29114d16
    digest: shake256:1847233c40adc132c29cb391a9d2a5547928b1bff129e76e2e33ce818d324101b260c8905eaa7e9033bb7ce6b7c72d33d4cbef4c63cade38df0b2eb9fba2ea6d
  - remote: buf.build
    owner: bufbuild
    repository: protovalidate
    commit: 0de7443d03cf41228f8a9790b12b417e
    digest: shake256:3c0676a73cef06439c107cb9560627354815adbc254976f807d645de7e2c1bf19d0438d5d56d5bc92465377e0d9315951e986fc6ced2871e450534b2b8c953b0
  - remote: buf.build
    owner: googleapis
    repository: googleapis
    commit: 28151c0d0a1641bf938a7672c500e01d
    digest: shake256:49215edf8ef57f7863004539deff8834cfb2195113f0b890dd1f67815d9353e28e668019165b9d872395871eeafcbab3ccfdb2b5f11734d3cca95be9e8d139de
  - remote: buf.build
    owner: grpc-ecosystem
    repository: grpc-gateway
    commit: 048ae6ff94ca4476b3225904b1078fad
    digest: shake256:e5250bf2d999516c02206d757502b902e406f35c099d0e869dc3e4f923f6870fe0805a9974c27df0695462937eae90cd4d9db90bb9a03489412560baa74a87b6
