# Generated by buf. DO NOT EDIT.
version: v1
deps:
  - remote: buf.build
    owner: aserto-dev
    repository: aserto
    commit: 946da224ea81449493723a3a29114d16
    digest: shake256:1847233c40adc132c29cb391a9d2a5547928b1bff129e76e2e33ce818d324101b260c8905eaa7e9033bb7ce6b7c72d33d4cbef4c63cade38df0b2eb9fba2ea6d
  - remote: buf.build
    owner: bufbuild
    repository: protovalidate
    commit: ff921ee117154e14b8de3b1335a0f257
    digest: shake256:a0069b0e821f75d5f1e2074a23856c1e63d5bfabb63286d37aaf64cc2f7854c41a8f0ed6c3cf6de1451e612ec1d1bde589b466c8d892f116905bfbb4e223e6c5
  - remote: buf.build
    owner: googleapis
    repository: googleapis
    commit: 28151c0d0a1641bf938a7672c500e01d
    digest: shake256:49215edf8ef57f7863004539deff8834cfb2195113f0b890dd1f67815d9353e28e668019165b9d872395871eeafcbab3ccfdb2b5f11734d3cca95be9e8d139de
  - remote: buf.build
    owner: grpc-ecosystem
    repository: grpc-gateway
    commit: f460f71081c14a80b66cc72526e0b322
    digest: shake256:122def85e91fc3ef4ab351680060b8f70e9d09a7ae6d1412aeb2bddfeee5c4d3fc8819da33fef56192cec0a817ac0c3e6d49bb2acf02eb5c9e9131739a60ddfc
